Microsoft Visual Studio Solution File, Format Version 11.00
# Visual Studio 2010
Project("{CA9FA92D-9335-4C80-8BF1-678EB209BF6F}") = "rtweekend", ".dub/rtweekend.visualdproj", "{39FD6C41-72F6-432A-BF0E-27F9553CC118}"
EndProject
Global
	GlobalSection(SolutionConfigurationPlatforms) = preSolution
		debug|x64 = debug|x64
	EndGlobalSection
	GlobalSection(ProjectConfigurationPlatforms) = postSolution
		{39FD6C41-72F6-432A-BF0E-27F9553CC118}.debug|x64.ActiveCfg = debug|x64
		{39FD6C41-72F6-432A-BF0E-27F9553CC118}.debug|x64.Build.0 = debug|x64
	EndGlobalSection
	GlobalSection(SolutionProperties) = preSolution
		HideSolutionNode = FALSE
	EndGlobalSection
EndGlobal
